
Microsoft Visual Studio Solution File, Format Version 12.00
# Visual Studio Version 16
VisualStudioVersion = 16.0.29609.76
MinimumVisualStudioVersion = 10.0.40219.1
Project("{8BC9CEB8-8B4A-11D0-8D11-00A0C91BC942}") = "ASD5", "ASD5\ASD5.vcxproj", "{ED3CE28E-4D60-4F5D-BF3C-68E73B318842}"
EndProject
Global
	GlobalSection(SolutionConfigurationPlatforms) = preSolution
		Debug|x64 = Debug|x64
		Debug|x86 = Debug|x86
		Release|x64 = Release|x64
		Release|x86 = Release|x86
	EndGlobalSection
	GlobalSection(ProjectConfigurationPlatforms) = postSolution
		{ED3CE28E-4D60-4F5D-BF3C-68E73B318842}.Debug|x64.ActiveCfg = Debug|x64
		{ED3CE28E-4D60-4F5D-BF3C-68E73B318842}.Debug|x64.Build.0 = Debug|x64
		{ED3CE28E-4D60-4F5D-BF3C-68E73B318842}.Debug|x86.ActiveCfg = Debug|Win32
		{ED3CE28E-4D60-4F5D-BF3C-68E73B318842}.Debug|x86.Build.0 = Debug|Win32
		{ED3CE28E-4D60-4F5D-BF3C-68E73B318842}.Release|x64.ActiveCfg = Release|x64
		{ED3CE28E-4D60-4F5D-BF3C-68E73B318842}.Release|x64.Build.0 = Release|x64
		{ED3CE28E-4D60-4F5D-BF3C-68E73B318842}.Release|x86.ActiveCfg = Release|Win32
		{ED3CE28E-4D60-4F5D-BF3C-68E73B318842}.Release|x86.Build.0 = Release|Win32
	EndGlobalSection
	GlobalSection(SolutionProperties) = preSolution
		HideSolutionNode = FALSE
	EndGlobalSection
	GlobalSection(ExtensibilityGlobals) = postSolution
		SolutionGuid = {73C1C1AA-7301-45D6-965B-16B24901D876}
	EndGlobalSection
EndGlobal
